
Microsoft Visual Studio Solution File, Format Version 12.00
# Visual Studio 2013
VisualStudioVersion = 12.0.21005.1
MinimumVisualStudioVersion = 10.0.40219.1
Project("{8BC9CEB8-8B4A-11D0-8D11-00A0C91BC942}") = "0018_4Sum", "0018_4Sum\0018_4Sum.vcxproj", "{A0CA1AA6-D23B-4EAB-AE40-E0C3F3357034}"
EndProject
Global
	GlobalSection(SolutionConfigurationPlatforms) = preSolution
		Debug|Win32 = Debug|Win32
		Release|Win32 = Release|Win32
	EndGlobalSection
	GlobalSection(ProjectConfigurationPlatforms) = postSolution
		{A0CA1AA6-D23B-4EAB-AE40-E0C3F3357034}.Debug|Win32.ActiveCfg = Debug|Win32
		{A0CA1AA6-D23B-4EAB-AE40-E0C3F3357034}.Debug|Win32.Build.0 = Debug|Win32
		{A0CA1AA6-D23B-4EAB-AE40-E0C3F3357034}.Release|Win32.ActiveCfg = Release|Win32
		{A0CA1AA6-D23B-4EAB-AE40-E0C3F3357034}.Release|Win32.Build.0 = Release|Win32
	EndGlobalSection
	GlobalSection(SolutionProperties) = preSolution
		HideSolutionNode = FALSE
	EndGlobalSection
EndGlobal
